Microsoft Visual Studio Solution File, Format Version 12.00
# Visual Studio Version 17
VisualStudioVersion = 17.5.2.0
MinimumVisualStudioVersion = 10.0.40219.1
Project("{FAE04EC0-301F-11D3-BF4B-00C04F79EFBC}") = "ERP", "ERP.csproj", "{A324251C-EC87-DF9B-C9E9-E1C11B243ADC}"
EndProject
Global
	GlobalSection(SolutionConfigurationPlatforms) = preSolution
		Debug|Any CPU = Debug|Any CPU
		Release|Any CPU = Release|Any CPU
	EndGlobalSection
	GlobalSection(ProjectConfigurationPlatforms) = postSolution
		{A324251C-EC87-DF9B-C9E9-E1C11B243ADC}.Debug|Any CPU.ActiveCfg = Debug|Any CPU
		{A324251C-EC87-DF9B-C9E9-E1C11B243ADC}.Debug|Any CPU.Build.0 = Debug|Any CPU
		{A324251C-EC87-DF9B-C9E9-E1C11B243ADC}.Release|Any CPU.ActiveCfg = Release|Any CPU
		{A324251C-EC87-DF9B-C9E9-E1C11B243ADC}.Release|Any CPU.Build.0 = Release|Any CPU
	EndGlobalSection
	GlobalSection(SolutionProperties) = preSolution
		HideSolutionNode = FALSE
	EndGlobalSection
	GlobalSection(ExtensibilityGlobals) = postSolution
		SolutionGuid = {B9213B9E-A86E-4032-A563-607D71B304F1}
	EndGlobalSection
EndGlobal
